
Microsoft Visual Studio Solution File, Format Version 12.00
# Visual Studio 15
VisualStudioVersion = 15.0.28307.1062
MinimumVisualStudioVersion = 10.0.40219.1
Project("{FAE04EC0-301F-11D3-BF4B-00C04F79EFBC}") = "ShopBridge_API", "ShopBridge_API\ShopBridge_API.csproj", "{70581F71-ABE3-462B-8F7C-4553F4113F90}"
EndProject
Project("{FAE04EC0-301F-11D3-BF4B-00C04F79EFBC}") = "ShopBridge_API.Tests", "ShopBridge_API.Tests\ShopBridge_API.Tests.csproj", "{A5BD6850-C8FB-4D61-B34E-80EE02209B2E}"
EndProject
Global
	GlobalSection(SolutionConfigurationPlatforms) = preSolution
		Debug|Any CPU = Debug|Any CPU
		Release|Any CPU = Release|Any CPU
	EndGlobalSection
	GlobalSection(ProjectConfigurationPlatforms) = postSolution
		{70581F71-ABE3-462B-8F7C-4553F4113F90}.Debug|Any CPU.ActiveCfg = Debug|Any CPU
		{70581F71-ABE3-462B-8F7C-4553F4113F90}.Debug|Any CPU.Build.0 = Debug|Any CPU
		{70581F71-ABE3-462B-8F7C-4553F4113F90}.Release|Any CPU.ActiveCfg = Release|Any CPU
		{70581F71-ABE3-462B-8F7C-4553F4113F90}.Release|Any CPU.Build.0 = Release|Any CPU
		{A5BD6850-C8FB-4D61-B34E-80EE02209B2E}.Debug|Any CPU.ActiveCfg = Debug|Any CPU
		{A5BD6850-C8FB-4D61-B34E-80EE02209B2E}.Debug|Any CPU.Build.0 = Debug|Any CPU
		{A5BD6850-C8FB-4D61-B34E-80EE02209B2E}.Release|Any CPU.ActiveCfg = Release|Any CPU
		{A5BD6850-C8FB-4D61-B34E-80EE02209B2E}.Release|Any CPU.Build.0 = Release|Any CPU
	EndGlobalSection
	GlobalSection(SolutionProperties) = preSolution
		HideSolutionNode = FALSE
	EndGlobalSection
	GlobalSection(ExtensibilityGlobals) = postSolution
		SolutionGuid = {CFA1B9FD-8296-4812-A2A9-F9A1E979B180}
	EndGlobalSection
EndGlobal
